// !$*UTF8*$!
{
	archiveVersion = 1;
	classes = {
	};
	objectVersion = 55;
	objects = {

/* Begin PBXBuildFile section */
		70574998283D0DE100445EFD /* ExClass.swift in Sources */ = {isa = PBXBuildFile; fileRef = 70574997283D0DE100445EFD /* ExClass.swift */; };
		70C0B46028200B55007A4A68 /* SelectView.swift in Sources */ = {isa = PBXBuildFile; fileRef = 70C0B45F28200B55007A4A68 /* SelectView.swift */; };
		70C0B4632820C346007A4A68 /* GameView.swift in Sources */ = {isa = PBXBuildFile; fileRef = 70C0B4622820C346007A4A68 /* GameView.swift */; };
		70C0B4652820C357007A4A68 /* TestView.swift in Sources */ = {isa = PBXBuildFile; fileRef = 70C0B4642820C357007A4A68 /* TestView.swift */; };
		70C0B4672820C36E007A4A68 /* ExView.swift in Sources */ = {isa = PBXBuildFile; fileRef = 70C0B4662820C36E007A4A68 /* ExView.swift */; };
		70C0B4692820C980007A4A68 /* ArithmeticOperationNavView.swift in Sources */ = {isa = PBXBuildFile; fileRef = 70C0B4682820C980007A4A68 /* ArithmeticOperationNavView.swift */; };
		70C94649281A534600138A91 /* MainView.swift in Sources */ = {isa = PBXBuildFile; fileRef = 70C94648281A534600138A91 /* MainView.swift */; };
		70C9464C281A553100138A91 /* Extension.swift in Sources */ = {isa = PBXBuildFile; fileRef = 70C9464B281A553100138A91 /* Extension.swift */; };
		70C9464E281A5BFE00138A91 /* AssetsView.swift in Sources */ = {isa = PBXBuildFile; fileRef = 70C9464D281A5BFE00138A91 /* AssetsView.swift */; };
		70C94651281A5D1500138A91 /* TestView1.swift in Sources */ = {isa = PBXBuildFile; fileRef = 70C94650281A5D1500138A91 /* TestView1.swift */; };
		70C94653281A5D2100138A91 /* TestView2.swift in Sources */ = {isa = PBXBuildFile; fileRef = 70C94652281A5D2100138A91 /* TestView2.swift */; };
		70C94655281AA62100138A91 /* TestView3.swift in Sources */ = {isa = PBXBuildFile; fileRef = 70C94654281AA62100138A91 /* TestView3.swift */; };
		70C94657281AA63B00138A91 /* TestView4.swift in Sources */ = {isa = PBXBuildFile; fileRef = 70C94656281AA63B00138A91 /* TestView4.swift */; };
		70C94659281AA66500138A91 /* MainNavView.swift in Sources */ = {isa = PBXBuildFile; fileRef = 70C94658281AA66500138A91 /* MainNavView.swift */; };
		70D78B0F281919F400832628 /* ArithmeticOperationGameApp.swift in Sources */ = {isa = PBXBuildFile; fileRef = 70D78B0E281919F400832628 /* ArithmeticOperationGameApp.swift */; };
		70D78B11281919F400832628 /* ContentView.swift in Sources */ = {isa = PBXBuildFile; fileRef = 70D78B10281919F400832628 /* ContentView.swift */; };
		70D78B13281919F600832628 /* Assets.xcassets in Resources */ = {isa = PBXBuildFile; fileRef = 70D78B12281919F600832628 /* Assets.xcassets */; };
		70D78B16281919F600832628 /* Preview Assets.xcassets in Resources */ = {isa = PBXBuildFile; fileRef = 70D78B15281919F600832628 /* Preview Assets.xcassets */; };
/* End PBXBuildFile section */

/* Begin PBXFileReference section */
		70574997283D0DE100445EFD /* ExClass.swift */ = {isa = PBXFileReference; lastKnownFileType = sourcecode.swift; path = ExClass.swift; sourceTree = "<group>"; };
		70C0B45F28200B55007A4A68 /* SelectView.swift */ = {isa = PBXFileReference; lastKnownFileType = sourcecode.swift; path = SelectView.swift; sourceTree = "<group>"; };
		70C0B4622820C346007A4A68 /* GameView.swift */ = {isa = PBXFileReference; lastKnownFileType = sourcecode.swift; path = GameView.swift; sourceTree = "<group>"; };
		70C0B4642820C357007A4A68 /* TestView.swift */ = {isa = PBXFileReference; lastKnownFileType = sourcecode.swift; path = TestView.swift; sourceTree = "<group>"; };
		70C0B4662820C36E007A4A68 /* ExView.swift */ = {isa = PBXFileReference; lastKnownFileType = sourcecode.swift; path = ExView.swift; sourceTree = "<group>"; };
		70C0B4682820C980007A4A68 /* ArithmeticOperationNavView.swift */ = {isa = PBXFileReference; lastKnownFileType = sourcecode.swift; path = ArithmeticOperationNavView.swift; sourceTree = "<group>"; };
		70C94648281A534600138A91 /* MainView.swift */ = {isa = PBXFileReference; lastKnownFileType = sourcecode.swift; path = MainView.swift; sourceTree = "<group>"; };
		70C9464B281A553100138A91 /* Extension.swift */ = {isa = PBXFileReference; lastKnownFileType = sourcecode.swift; path = Extension.swift; sourceTree = "<group>"; };
		70C9464D281A5BFE00138A91 /* AssetsView.swift */ = {isa = PBXFileReference; lastKnownFileType = sourcecode.swift; path = AssetsView.swift; sourceTree = "<group>"; };
		70C94650281A5D1500138A91 /* TestView1.swift */ = {isa = PBXFileReference; lastKnownFileType = sourcecode.swift; path = TestView1.swift; sourceTree = "<group>"; };
		70C94652281A5D2100138A91 /* TestView2.swift */ = {isa = PBXFileReference; lastKnownFileType = sourcecode.swift; path = TestView2.swift; sourceTree = "<group>"; };
		70C94654281AA62100138A91 /* TestView3.swift */ = {isa = PBXFileReference; lastKnownFileType = sourcecode.swift; path = TestView3.swift; sourceTree = "<group>"; };
		70C94656281AA63B00138A91 /* TestView4.swift */ = {isa = PBXFileReference; lastKnownFileType = sourcecode.swift; path = TestView4.swift; sourceTree = "<group>"; };
		70C94658281AA66500138A91 /* MainNavView.swift */ = {isa = PBXFileReference; lastKnownFileType = sourcecode.swift; path = MainNavView.swift; sourceTree = "<group>"; };
		70D78B0B281919F400832628 /* ArithmeticOperationGame.app */ = {isa = PBXFileReference; explicitFileType = wrapper.application; includeInIndex = 0; path = ArithmeticOperationGame.app; sourceTree = BUILT_PRODUCTS_DIR; };
		70D78B0E281919F400832628 /* ArithmeticOperationGameApp.swift */ = {isa = PBXFileReference; lastKnownFileType = sourcecode.swift; path = ArithmeticOperationGameApp.swift; sourceTree = "<group>"; };
		70D78B10281919F400832628 /* ContentView.swift */ = {isa = PBXFileReference; lastKnownFileType = sourcecode.swift; path = ContentView.swift; sourceTree = "<group>"; };
		70D78B12281919F600832628 /* Assets.xcassets */ = {isa = PBXFileReference; lastKnownFileType = folder.assetcatalog; path = Assets.xcassets; sourceTree = "<group>"; };
		70D78B15281919F600832628 /* Preview Assets.xcassets */ = {isa = PBXFileReference; lastKnownFileType = folder.assetcatalog; path = "Preview Assets.xcassets"; sourceTree = "<group>"; };
/* End PBXFileReference section */

/* Begin PBXFrameworksBuildPhase section */
		70D78B08281919F400832628 /* Frameworks */ = {
			isa = PBXFrameworksBuildPhase;
			buildActionMask = 2147483647;
			files = (
			);
			runOnlyForDeploymentPostprocessing = 0;
		};
/* End PBXFrameworksBuildPhase section */

/* Begin PBXGroup section */
		70C0B4612820C1CC007A4A68 /* SubView */ = {
			isa = PBXGroup;
			children = (
				70C0B4622820C346007A4A68 /* GameView.swift */,
				70C0B4642820C357007A4A68 /* TestView.swift */,
				70C0B4662820C36E007A4A68 /* ExView.swift */,
				70574997283D0DE100445EFD /* ExClass.swift */,
			);
			path = SubView;
			sourceTree = "<group>";
		};
		70C94646281A532200138A91 /* View */ = {
			isa = PBXGroup;
			children = (
				70C9464F281A5D0700138A91 /* TestView */,
				70C94648281A534600138A91 /* MainView.swift */,
				70C0B45F28200B55007A4A68 /* SelectView.swift */,
				70C0B4612820C1CC007A4A68 /* SubView */,
			);
			path = View;
			sourceTree = "<group>";
		};
		70C94647281A532E00138A91 /* AssetsView */ = {
			isa = PBXGroup;
			children = (
				70C9464D281A5BFE00138A91 /* AssetsView.swift */,
				70C94658281AA66500138A91 /* MainNavView.swift */,
				70C0B4682820C980007A4A68 /* ArithmeticOperationNavView.swift */,
			);
			path = AssetsView;
			sourceTree = "<group>";
		};
		70C9464A281A551600138A91 /* Extension */ = {
			isa = PBXGroup;
			children = (
				70C9464B281A553100138A91 /* Extension.swift */,
			);
			path = Extension;
			sourceTree = "<group>";
		};
		70C9464F281A5D0700138A91 /* TestView */ = {
			isa = PBXGroup;
			children = (
				70C94650281A5D1500138A91 /* TestView1.swift */,
				70C94652281A5D2100138A91 /* TestView2.swift */,
				70C94654281AA62100138A91 /* TestView3.swift */,
				70C94656281AA63B00138A91 /* TestView4.swift */,
			);
			path = TestView;
			sourceTree = "<group>";
		};
		70D78B02281919F400832628 = {
			isa = PBXGroup;
			children = (
				70D78B0D281919F400832628 /* ArithmeticOperationGame */,
				70D78B0C281919F400832628 /* Products */,
			);
			sourceTree = "<group>";
		};
		70D78B0C281919F400832628 /* Products */ = {
			isa = PBXGroup;
			children = (
				70D78B0B281919F400832628 /* ArithmeticOperationGame.app */,
			);
			name = Products;
			sourceTree = "<group>";
		};
		70D78B0D281919F400832628 /* ArithmeticOperationGame */ = {
			isa = PBXGroup;
			children = (
				70C9464A281A551600138A91 /* Extension */,
				70C94647281A532E00138A91 /* AssetsView */,
				70C94646281A532200138A91 /* View */,
				70D78B0E281919F400832628 /* ArithmeticOperationGameApp.swift */,
				70D78B10281919F400832628 /* ContentView.swift */,
				70D78B12281919F600832628 /* Assets.xcassets */,
				70D78B14281919F600832628 /* Preview Content */,
			);
			path = ArithmeticOperationGame;
			sourceTree = "<group>";
		};
		70D78B14281919F600832628 /* Preview Content */ = {
			isa = PBXGroup;
			children = (
				70D78B15281919F600832628 /* Preview Assets.xcassets */,
			);
			path = "Preview Content";
			sourceTree = "<group>";
		};
/* End PBXGroup section */

/* Begin PBXNativeTarget section */
		70D78B0A281919F400832628 /* ArithmeticOperationGame */ = {
			isa = PBXNativeTarget;
			buildConfigurationList = 70D78B19281919F600832628 /* Build configuration list for PBXNativeTarget "ArithmeticOperationGame" */;
			buildPhases = (
				70D78B07281919F400832628 /* Sources */,
				70D78B08281919F400832628 /* Frameworks */,
				70D78B09281919F400832628 /* Resources */,
			);
			buildRules = (
			);
			dependencies = (
			);
			name = ArithmeticOperationGame;
			productName = ArithmeticOperationGame;
			productReference = 70D78B0B281919F400832628 /* ArithmeticOperationGame.app */;
			productType = "com.apple.product-type.application";
		};
/* End PBXNativeTarget section */

/* Begin PBXProject section */
		70D78B03281919F400832628 /* Project object */ = {
			isa = PBXProject;
			attributes = {
				BuildIndependentTargetsInParallel = 1;
				LastSwiftUpdateCheck = 1330;
				LastUpgradeCheck = 1330;
				TargetAttributes = {
					70D78B0A281919F400832628 = {
						CreatedOnToolsVersion = 13.3;
					};
				};
			};
			buildConfigurationList = 70D78B06281919F400832628 /* Build configuration list for PBXProject "ArithmeticOperationGame" */;
			compatibilityVersion = "Xcode 13.0";
			developmentRegion = en;
			hasScannedForEncodings = 0;
			knownRegions = (
				en,
				Base,
			);
			mainGroup = 70D78B02281919F400832628;
			productRefGroup = 70D78B0C281919F400832628 /* Products */;
			projectDirPath = "";
			projectRoot = "";
			targets = (
				70D78B0A281919F400832628 /* ArithmeticOperationGame */,
			);
		};
/* End PBXProject section */

/* Begin PBXResourcesBuildPhase section */
		70D78B09281919F400832628 /* Resources */ = {
			isa = PBXResourcesBuildPhase;
			buildActionMask = 2147483647;
			files = (
				70D78B16281919F600832628 /* Preview Assets.xcassets in Resources */,
				70D78B13281919F600832628 /* Assets.xcassets in Resources */,
			);
			runOnlyForDeploymentPostprocessing = 0;
		};
/* End PBXResourcesBuildPhase section */

/* Begin PBXSourcesBuildPhase section */
		70D78B07281919F400832628 /* Sources */ = {
			isa = PBXSourcesBuildPhase;
			buildActionMask = 2147483647;
			files = (
				70C94655281AA62100138A91 /* TestView3.swift in Sources */,
				70C0B46028200B55007A4A68 /* SelectView.swift in Sources */,
				70C94657281AA63B00138A91 /* TestView4.swift in Sources */,
				70C94651281A5D1500138A91 /* TestView1.swift in Sources */,
				70D78B11281919F400832628 /* ContentView.swift in Sources */,
				70C94659281AA66500138A91 /* MainNavView.swift in Sources */,
				70C9464E281A5BFE00138A91 /* AssetsView.swift in Sources */,
				70C94649281A534600138A91 /* MainView.swift in Sources */,
				70C0B4632820C346007A4A68 /* GameView.swift in Sources */,
				70C0B4672820C36E007A4A68 /* ExView.swift in Sources */,
				70C94653281A5D2100138A91 /* TestView2.swift in Sources */,
				70574998283D0DE100445EFD /* ExClass.swift in Sources */,
				70C0B4692820C980007A4A68 /* ArithmeticOperationNavView.swift in Sources */,
				70C0B4652820C357007A4A68 /* TestView.swift in Sources */,
				70D78B0F281919F400832628 /* ArithmeticOperationGameApp.swift in Sources */,
				70C9464C281A553100138A91 /* Extension.swift in Sources */,
			);
			runOnlyForDeploymentPostprocessing = 0;
		};
/* End PBXSourcesBuildPhase section */

/* Begin XCBuildConfiguration section */
		70D78B17281919F600832628 /* Debug */ = {
			isa = XCBuildConfiguration;
			buildSettings = {
				ALWAYS_SEARCH_USER_PATHS = NO;
				CLANG_ANALYZER_NONNULL = YES;
				CLANG_ANALYZER_NUMBER_OBJECT_CONVERSION = YES_AGGRESSIVE;
				CLANG_CXX_LANGUAGE_STANDARD = "gnu++17";
				CLANG_ENABLE_MODULES = YES;
				CLANG_ENABLE_OBJC_ARC = YES;
				CLANG_ENABLE_OBJC_WEAK = YES;
				CLANG_WARN_BLOCK_CAPTURE_AUTORELEASING = YES;
				CLANG_WARN_BOOL_CONVERSION = YES;
				CLANG_WARN_COMMA = YES;
				CLANG_WARN_CONSTANT_CONVERSION = YES;
				CLANG_WARN_DEPRECATED_OBJC_IMPLEMENTATIONS = YES;
				CLANG_WARN_DIRECT_OBJC_ISA_USAGE = YES_ERROR;
				CLANG_WARN_DOCUMENTATION_COMMENTS = YES;
				CLANG_WARN_EMPTY_BODY = YES;
				CLANG_WARN_ENUM_CONVERSION = YES;
				CLANG_WARN_INFINITE_RECURSION = YES;
				CLANG_WARN_INT_CONVERSION = YES;
				CLANG_WARN_NON_LITERAL_NULL_CONVERSION = YES;
				CLANG_WARN_OBJC_IMPLICIT_RETAIN_SELF = YES;
				CLANG_WARN_OBJC_LITERAL_CONVERSION = YES;
				CLANG_WARN_OBJC_ROOT_CLASS = YES_ERROR;
				CLANG_WARN_QUOTED_INCLUDE_IN_FRAMEWORK_HEADER = YES;
				CLANG_WARN_RANGE_LOOP_ANALYSIS = YES;
				CLANG_WARN_STRICT_PROTOTYPES = YES;
				CLANG_WARN_SUSPICIOUS_MOVE = YES;
				CLANG_WARN_UNGUARDED_AVAILABILITY = YES_AGGRESSIVE;
				CLANG_WARN_UNREACHABLE_CODE = YES;
				CLANG_WARN__DUPLICATE_METHOD_MATCH = YES;
				COPY_PHASE_STRIP = NO;
				DEBUG_INFORMATION_FORMAT = dwarf;
				ENABLE_STRICT_OBJC_MSGSEND = YES;
				ENABLE_TESTABILITY = YES;
				GCC_C_LANGUAGE_STANDARD = gnu11;
				GCC_DYNAMIC_NO_PIC = NO;
				GCC_NO_COMMON_BLOCKS = YES;
				GCC_OPTIMIZATION_LEVEL = 0;
				GCC_PREPROCESSOR_DEFINITIONS = (
					"DEBUG=1",
					"$(inherited)",
				);
				GCC_WARN_64_TO_32_BIT_CONVERSION = YES;
				GCC_WARN_ABOUT_RETURN_TYPE = YES_ERROR;
				GCC_WARN_UNDECLARED_SELECTOR = YES;
				GCC_WARN_UNINITIALIZED_AUTOS = YES_AGGRESSIVE;
				GCC_WARN_UNUSED_FUNCTION = YES;
				GCC_WARN_UNUSED_VARIABLE = YES;
				IPHONEOS_DEPLOYMENT_TARGET = 15.4;
				MTL_ENABLE_DEBUG_INFO = INCLUDE_SOURCE;
				MTL_FAST_MATH = YES;
				ONLY_ACTIVE_ARCH = YES;
				SDKROOT = iphoneos;
				SWIFT_ACTIVE_COMPILATION_CONDITIONS = DEBUG;
				SWIFT_OPTIMIZATION_LEVEL = "-Onone";
			};
			name = Debug;
		};
		70D78B18281919F600832628 /* Release */ = {
			isa = XCBuildConfiguration;
			buildSettings = {
				ALWAYS_SEARCH_USER_PATHS = NO;
				CLANG_ANALYZER_NONNULL = YES;
				CLANG_ANALYZER_NUMBER_OBJECT_CONVERSION = YES_AGGRESSIVE;
				CLANG_CXX_LANGUAGE_STANDARD = "gnu++17";
				CLANG_ENABLE_MODULES = YES;
				CLANG_ENABLE_OBJC_ARC = YES;
				CLANG_ENABLE_OBJC_WEAK = YES;
				CLANG_WARN_BLOCK_CAPTURE_AUTORELEASING = YES;
				CLANG_WARN_BOOL_CONVERSION = YES;
				CLANG_WARN_COMMA = YES;
				CLANG_WARN_CONSTANT_CONVERSION = YES;
				CLANG_WARN_DEPRECATED_OBJC_IMPLEMENTATIONS = YES;
				CLANG_WARN_DIRECT_OBJC_ISA_USAGE = YES_ERROR;
				CLANG_WARN_DOCUMENTATION_COMMENTS = YES;
				CLANG_WARN_EMPTY_BODY = YES;
				CLANG_WARN_ENUM_CONVERSION = YES;
				CLANG_WARN_INFINITE_RECURSION = YES;
				CLANG_WARN_INT_CONVERSION = YES;
				CLANG_WARN_NON_LITERAL_NULL_CONVERSION = YES;
				CLANG_WARN_OBJC_IMPLICIT_RETAIN_SELF = YES;
				CLANG_WARN_OBJC_LITERAL_CONVERSION = YES;
				CLANG_WARN_OBJC_ROOT_CLASS = YES_ERROR;
				CLANG_WARN_QUOTED_INCLUDE_IN_FRAMEWORK_HEADER = YES;
				CLANG_WARN_RANGE_LOOP_ANALYSIS = YES;
				CLANG_WARN_STRICT_PROTOTYPES = YES;
				CLANG_WARN_SUSPICIOUS_MOVE = YES;
				CLANG_WARN_UNGUARDED_AVAILABILITY = YES_AGGRESSIVE;
				CLANG_WARN_UNREACHABLE_CODE = YES;
				CLANG_WARN__DUPLICATE_METHOD_MATCH = YES;
				COPY_PHASE_STRIP = NO;
				DEBUG_INFORMATION_FORMAT = "dwarf-with-dsym";
				ENABLE_NS_ASSERTIONS = NO;
				ENABLE_STRICT_OBJC_MSGSEND = YES;
				GCC_C_LANGUAGE_STANDARD = gnu11;
				GCC_NO_COMMON_BLOCKS = YES;
				GCC_WARN_64_TO_32_BIT_CONVERSION = YES;
				GCC_WARN_ABOUT_RETURN_TYPE = YES_ERROR;
				GCC_WARN_UNDECLARED_SELECTOR = YES;
				GCC_WARN_UNINITIALIZED_AUTOS = YES_AGGRESSIVE;
				GCC_WARN_UNUSED_FUNCTION = YES;
				GCC_WARN_UNUSED_VARIABLE = YES;
				IPHONEOS_DEPLOYMENT_TARGET = 15.4;
				MTL_ENABLE_DEBUG_INFO = NO;
				MTL_FAST_MATH = YES;
				SDKROOT = iphoneos;
				SWIFT_COMPILATION_MODE = wholemodule;
				SWIFT_OPTIMIZATION_LEVEL = "-O";
				VALIDATE_PRODUCT = YES;
			};
			name = Release;
		};
		70D78B1A281919F600832628 /* Debug */ = {
			isa = XCBuildConfiguration;
			buildSettings = {
				ASSETCATALOG_COMPILER_APPICON_NAME = AppIcon;
				ASSETCATALOG_COMPILER_GLOBAL_ACCENT_COLOR_NAME = AccentColor;
				CODE_SIGN_STYLE = Automatic;
				CURRENT_PROJECT_VERSION = 1;
				DEVELOPMENT_ASSET_PATHS = "\"ArithmeticOperationGame/Preview Content\"";
				DEVELOPMENT_TEAM = ML59XN7A6B;
				ENABLE_PREVIEWS = YES;
				GENERATE_INFOPLIST_FILE = YES;
				INFOPLIST_KEY_UIApplicationSceneManifest_Generation = YES;
				INFOPLIST_KEY_UIApplicationSupportsIndirectInputEvents = YES;
				INFOPLIST_KEY_UILaunchScreen_Generation = YES;
				INFOPLIST_KEY_UISupportedInterfaceOrientations_iPad = "UIInterfaceOrientationPortrait UIInterfaceOrientationPortraitUpsideDown UIInterfaceOrientationLandscapeLeft UIInterfaceOrientationLandscapeRight";
				INFOPLIST_KEY_UISupportedInterfaceOrientations_iPhone = "UIInterfaceOrientationPortrait UIInterfaceOrientationLandscapeLeft UIInterfaceOrientationLandscapeRight";
				LD_RUNPATH_SEARCH_PATHS = (
					"$(inherited)",
					"@executable_path/Frameworks",
				);
				MARKETING_VERSION = 1.0;
				PRODUCT_BUNDLE_IDENTIFIER = com.Ruyha.ArithmeticOperationGame;
				PRODUCT_NAME = "$(TARGET_NAME)";
				SWIFT_EMIT_LOC_STRINGS = YES;
				SWIFT_VERSION = 5.0;
				TARGETED_DEVICE_FAMILY = "1,2";
			};
			name = Debug;
		};
		70D78B1B281919F600832628 /* Release */ = {
			isa = XCBuildConfiguration;
			buildSettings = {
				ASSETCATALOG_COMPILER_APPICON_NAME = AppIcon;
				ASSETCATALOG_COMPILER_GLOBAL_ACCENT_COLOR_NAME = AccentColor;
				CODE_SIGN_STYLE = Automatic;
				CURRENT_PROJECT_VERSION = 1;
				DEVELOPMENT_ASSET_PATHS = "\"ArithmeticOperationGame/Preview Content\"";
				DEVELOPMENT_TEAM = ML59XN7A6B;
				ENABLE_PREVIEWS = YES;
				GENERATE_INFOPLIST_FILE = YES;
				INFOPLIST_KEY_UIApplicationSceneManifest_Generation = YES;
				INFOPLIST_KEY_UIApplicationSupportsIndirectInputEvents = YES;
				INFOPLIST_KEY_UILaunchScreen_Generation = YES;
				INFOPLIST_KEY_UISupportedInterfaceOrientations_iPad = "UIInterfaceOrientationPortrait UIInterfaceOrientationPortraitUpsideDown UIInterfaceOrientationLandscapeLeft UIInterfaceOrientationLandscapeRight";
				INFOPLIST_KEY_UISupportedInterfaceOrientations_iPhone = "UIInterfaceOrientationPortrait UIInterfaceOrientationLandscapeLeft UIInterfaceOrientationLandscapeRight";
				LD_RUNPATH_SEARCH_PATHS = (
					"$(inherited)",
					"@executable_path/Frameworks",
				);
				MARKETING_VERSION = 1.0;
				PRODUCT_BUNDLE_IDENTIFIER = com.Ruyha.ArithmeticOperationGame;
				PRODUCT_NAME = "$(TARGET_NAME)";
				SWIFT_EMIT_LOC_STRINGS = YES;
				SWIFT_VERSION = 5.0;
				TARGETED_DEVICE_FAMILY = "1,2";
			};
			name = Release;
		};
/* End XCBuildConfiguration section */

/* Begin XCConfigurationList section */
		70D78B06281919F400832628 /* Build configuration list for PBXProject "ArithmeticOperationGame" */ = {
			isa = XCConfigurationList;
			buildConfigurations = (
				70D78B17281919F600832628 /* Debug */,
				70D78B18281919F600832628 /* Release */,
			);
			defaultConfigurationIsVisible = 0;
			defaultConfigurationName = Release;
		};
		70D78B19281919F600832628 /* Build configuration list for PBXNativeTarget "ArithmeticOperationGame" */ = {
			isa = XCConfigurationList;
			buildConfigurations = (
				70D78B1A281919F600832628 /* Debug */,
				70D78B1B281919F600832628 /* Release */,
			);
			defaultConfigurationIsVisible = 0;
			defaultConfigurationName = Release;
		};
/* End XCConfigurationList section */
	};
	rootObject = 70D78B03281919F400832628 /* Project object */;
}
